
Microsoft Visual Studio Solution File, Format Version 12.00
# Visual Studio Version 16
VisualStudioVersion = 16.0.30002.166
MinimumVisualStudioVersion = 10.0.40219.1
Project("{FAE04EC0-301F-11D3-BF4B-00C04F79EFBC}") = "SampleCrudDapper", "SampleCrudDapper\SampleCrudDapper.csproj", "{2A0C54C4-93DF-4ADB-A1EF-7BCD6C091316}"
EndProject
Project("{00D1A9C2-B5F0-4AF3-8072-F6C62B433612}") = "DatabaseCrudDapper", "DatabaseCrudDapper\DatabaseCrudDapper.sqlproj", "{36829BDC-CDF2-4D20-9F46-09E1747984F3}"
EndProject
Global
	GlobalSection(SolutionConfigurationPlatforms) = preSolution
		Debug|Any CPU = Debug|Any CPU
		Release|Any CPU = Release|Any CPU
	EndGlobalSection
	GlobalSection(ProjectConfigurationPlatforms) = postSolution
		{2A0C54C4-93DF-4ADB-A1EF-7BCD6C091316}.Debug|Any CPU.ActiveCfg = Debug|Any CPU
		{2A0C54C4-93DF-4ADB-A1EF-7BCD6C091316}.Debug|Any CPU.Build.0 = Debug|Any CPU
		{2A0C54C4-93DF-4ADB-A1EF-7BCD6C091316}.Release|Any CPU.ActiveCfg = Release|Any CPU
		{2A0C54C4-93DF-4ADB-A1EF-7BCD6C091316}.Release|Any CPU.Build.0 = Release|Any CPU
		{36829BDC-CDF2-4D20-9F46-09E1747984F3}.Debug|Any CPU.ActiveCfg = Debug|Any CPU
		{36829BDC-CDF2-4D20-9F46-09E1747984F3}.Debug|Any CPU.Build.0 = Debug|Any CPU
		{36829BDC-CDF2-4D20-9F46-09E1747984F3}.Debug|Any CPU.Deploy.0 = Debug|Any CPU
		{36829BDC-CDF2-4D20-9F46-09E1747984F3}.Release|Any CPU.ActiveCfg = Release|Any CPU
		{36829BDC-CDF2-4D20-9F46-09E1747984F3}.Release|Any CPU.Build.0 = Release|Any CPU
		{36829BDC-CDF2-4D20-9F46-09E1747984F3}.Release|Any CPU.Deploy.0 = Release|Any CPU
	EndGlobalSection
	GlobalSection(SolutionProperties) = preSolution
		HideSolutionNode = FALSE
	EndGlobalSection
	GlobalSection(ExtensibilityGlobals) = postSolution
		SolutionGuid = {00B35261-3164-467A-A51A-2EF1D88F5C05}
	EndGlobalSection
EndGlobal
